
Microsoft Visual Studio Solution File, Format Version 11.00
# Visual Studio 2010
Project("{FAE04EC0-301F-11D3-BF4B-00C04F79EFBC}") = "Assembly-CSharp", "Assembly-CSharp.csproj", "{3eea2d2c-3745-960a-7246-ed17296ff428}"
EndProject
Project("{FAE04EC0-301F-11D3-BF4B-00C04F79EFBC}") = "Assembly-CSharp-Editor", "Assembly-CSharp-Editor.csproj", "{f01be667-0f2c-b905-7a1d-5c25cd9a8ce9}"
EndProject
Global
	GlobalSection(SolutionConfigurationPlatforms) = preSolution
		Debug|Any CPU = Debug|Any CPU
	EndGlobalSection
	GlobalSection(ProjectConfigurationPlatforms) = postSolution
		{3eea2d2c-3745-960a-7246-ed17296ff428}.Debug|Any CPU.ActiveCfg = Debug|Any CPU
		{3eea2d2c-3745-960a-7246-ed17296ff428}.Debug|Any CPU.Build.0 = Debug|Any CPU
		{f01be667-0f2c-b905-7a1d-5c25cd9a8ce9}.Debug|Any CPU.ActiveCfg = Debug|Any CPU
		{f01be667-0f2c-b905-7a1d-5c25cd9a8ce9}.Debug|Any CPU.Build.0 = Debug|Any CPU
	EndGlobalSection
	GlobalSection(SolutionProperties) = preSolution
		HideSolutionNode = FALSE
	EndGlobalSection
EndGlobal
